
Microsoft Visual Studio Solution File, Format Version 12.00
# Visual Studio Version 17
VisualStudioVersion = 17.5.33530.505
MinimumVisualStudioVersion = 10.0.40219.1
Project("{FAE04EC0-301F-11D3-BF4B-00C04F79EFBC}") = "Catalogo", "src\Services\Catalogo\Catalogo.csproj", "{29184348-854C-4EC0-A7EB-00799DF79729}"
EndProject
Project("{2150E333-8FDC-42A3-9474-1A3956D46DE8}") = "Services", "Services", "{51327148-7360-439D-B556-563F02B6C82E}"
EndProject
Project("{2150E333-8FDC-42A3-9474-1A3956D46DE8}") = "src", "src", "{F91D8047-DA4B-4470-9A5D-C7155C6FB6E8}"
EndProject
Global
	GlobalSection(SolutionConfigurationPlatforms) = preSolution
		Debug|Any CPU = Debug|Any CPU
		Release|Any CPU = Release|Any CPU
	EndGlobalSection
	GlobalSection(ProjectConfigurationPlatforms) = postSolution
		{29184348-854C-4EC0-A7EB-00799DF79729}.Debug|Any CPU.ActiveCfg = Debug|Any CPU
		{29184348-854C-4EC0-A7EB-00799DF79729}.Debug|Any CPU.Build.0 = Debug|Any CPU
		{29184348-854C-4EC0-A7EB-00799DF79729}.Release|Any CPU.ActiveCfg = Release|Any CPU
		{29184348-854C-4EC0-A7EB-00799DF79729}.Release|Any CPU.Build.0 = Release|Any CPU
	EndGlobalSection
	GlobalSection(SolutionProperties) = preSolution
		HideSolutionNode = FALSE
	EndGlobalSection
	GlobalSection(NestedProjects) = preSolution
		{29184348-854C-4EC0-A7EB-00799DF79729} = {51327148-7360-439D-B556-563F02B6C82E}
		{51327148-7360-439D-B556-563F02B6C82E} = {F91D8047-DA4B-4470-9A5D-C7155C6FB6E8}
	EndGlobalSection
	GlobalSection(ExtensibilityGlobals) = postSolution
		SolutionGuid = {E58F3069-99DC-420A-9651-38324892F73F}
	EndGlobalSection
EndGlobal
